
Microsoft Visual Studio Solution File, Format Version 12.00
# Visual Studio Version 16
VisualStudioVersion = 16.0.31105.61
MinimumVisualStudioVersion = 10.0.40219.1
Project("{FAE04EC0-301F-11D3-BF4B-00C04F79EFBC}") = "Inertia (new)", "Inertia (new)\Inertia (new).csproj", "{14BB0745-E8E2-46F8-887E-0360EC6C2473}"
EndProject
Global
	GlobalSection(SolutionConfigurationPlatforms) = preSolution
		Debug|Any CPU = Debug|Any CPU
		Release|Any CPU = Release|Any CPU
	EndGlobalSection
	GlobalSection(ProjectConfigurationPlatforms) = postSolution
		{14BB0745-E8E2-46F8-887E-0360EC6C2473}.Debug|Any CPU.ActiveCfg = Debug|Any CPU
		{14BB0745-E8E2-46F8-887E-0360EC6C2473}.Debug|Any CPU.Build.0 = Debug|Any CPU
		{14BB0745-E8E2-46F8-887E-0360EC6C2473}.Release|Any CPU.ActiveCfg = Release|Any CPU
		{14BB0745-E8E2-46F8-887E-0360EC6C2473}.Release|Any CPU.Build.0 = Release|Any CPU
	EndGlobalSection
	GlobalSection(SolutionProperties) = preSolution
		HideSolutionNode = FALSE
	EndGlobalSection
	GlobalSection(ExtensibilityGlobals) = postSolution
		SolutionGuid = {4A920FAB-A0E9-4D91-876A-4C8A906823AF}
	EndGlobalSection
EndGlobal
